
Microsoft Visual Studio Solution File, Format Version 12.00
# Visual Studio Version 17
VisualStudioVersion = 17.11.35312.102
MinimumVisualStudioVersion = 10.0.40219.1
Project("{FAE04EC0-301F-11D3-BF4B-00C04F79EFBC}") = "DxfReader", "DxfReader\DxfReader.csproj", "{271E67C2-DC26-48FB-A0D6-0D122664DB64}"
EndProject
Global
	GlobalSection(SolutionConfigurationPlatforms) = preSolution
		Debug|Any CPU = Debug|Any CPU
		Release|Any CPU = Release|Any CPU
	EndGlobalSection
	GlobalSection(ProjectConfigurationPlatforms) = postSolution
		{271E67C2-DC26-48FB-A0D6-0D122664DB64}.Debug|Any CPU.ActiveCfg = Debug|Any CPU
		{271E67C2-DC26-48FB-A0D6-0D122664DB64}.Debug|Any CPU.Build.0 = Debug|Any CPU
		{271E67C2-DC26-48FB-A0D6-0D122664DB64}.Release|Any CPU.ActiveCfg = Release|Any CPU
		{271E67C2-DC26-48FB-A0D6-0D122664DB64}.Release|Any CPU.Build.0 = Release|Any CPU
	EndGlobalSection
	GlobalSection(SolutionProperties) = preSolution
		HideSolutionNode = FALSE
	EndGlobalSection
	GlobalSection(ExtensibilityGlobals) = postSolution
		SolutionGuid = {7566D5CC-E6CE-4F43-84F3-54CCE601B01D}
	EndGlobalSection
EndGlobal
